
Microsoft Visual Studio Solution File, Format Version 12.00
# Visual Studio Version 17
VisualStudioVersion = 17.7.34031.279
MinimumVisualStudioVersion = 10.0.40219.1
Project("{9A19103F-16F7-4668-BE54-9A1E7A4F7556}") = "BC Remote Functions", "BC Remote Functions.csproj", "{089721B1-60B5-4621-B28A-ACA487B4EDDD}"
EndProject
Global
	GlobalSection(SolutionConfigurationPlatforms) = preSolution
		Debug|Any CPU = Debug|Any CPU
		Release|Any CPU = Release|Any CPU
	EndGlobalSection
	GlobalSection(ProjectConfigurationPlatforms) = postSolution
		{089721B1-60B5-4621-B28A-ACA487B4EDDD}.Debug|Any CPU.ActiveCfg = Debug|Any CPU
		{089721B1-60B5-4621-B28A-ACA487B4EDDD}.Debug|Any CPU.Build.0 = Debug|Any CPU
		{089721B1-60B5-4621-B28A-ACA487B4EDDD}.Release|Any CPU.ActiveCfg = Release|Any CPU
		{089721B1-60B5-4621-B28A-ACA487B4EDDD}.Release|Any CPU.Build.0 = Release|Any CPU
	EndGlobalSection
	GlobalSection(SolutionProperties) = preSolution
		HideSolutionNode = FALSE
	EndGlobalSection
	GlobalSection(ExtensibilityGlobals) = postSolution
		SolutionGuid = {DCE40EFE-02D2-48EF-AD64-B8EEDCFD0698}
	EndGlobalSection
EndGlobal
